Microsoft Visual Studio Solution File, Format Version 12.00
# Visual Studio Version 16
VisualStudioVersion = 16.0.0.0
MinimumVisualStudioVersion = 16.0.0.0
Project("{9A19103F-16F7-4668-BE54-9A1E7A4F7556}") = "Entrega4.Server", "Server\Entrega4.Server.csproj", "{3BF1C163-9873-4F7D-942B-025B17866397}"
EndProject
Project("{9A19103F-16F7-4668-BE54-9A1E7A4F7556}") = "Entrega4.Client", "Client\Entrega4.Client.csproj", "{2E227644-E9CE-4135-8099-016A6781001C}"
EndProject
Project("{9A19103F-16F7-4668-BE54-9A1E7A4F7556}") = "Entrega4.Shared", "Shared\Entrega4.Shared.csproj", "{337680BB-64DB-4180-AEBF-4556C97F8ED1}"
EndProject
Global
	GlobalSection(SolutionConfigurationPlatforms) = preSolution
		Debug|Any CPU = Debug|Any CPU
		Debug|x64 = Debug|x64
		Debug|x86 = Debug|x86
		Release|Any CPU = Release|Any CPU
		Release|x64 = Release|x64
		Release|x86 = Release|x86
	EndGlobalSection
	GlobalSection(ProjectConfigurationPlatforms) = postSolution
		{2E227644-E9CE-4135-8099-016A6781001C}.Debug|Any CPU.ActiveCfg = Debug|Any CPU
		{2E227644-E9CE-4135-8099-016A6781001C}.Debug|Any CPU.Build.0 = Debug|Any CPU
		{2E227644-E9CE-4135-8099-016A6781001C}.Debug|x64.ActiveCfg = Debug|Any CPU
		{2E227644-E9CE-4135-8099-016A6781001C}.Debug|x64.Build.0 = Debug|Any CPU
		{2E227644-E9CE-4135-8099-016A6781001C}.Debug|x86.ActiveCfg = Debug|Any CPU
		{2E227644-E9CE-4135-8099-016A6781001C}.Debug|x86.Build.0 = Debug|Any CPU
		{2E227644-E9CE-4135-8099-016A6781001C}.Release|Any CPU.ActiveCfg = Release|Any CPU
		{2E227644-E9CE-4135-8099-016A6781001C}.Release|Any CPU.Build.0 = Release|Any CPU
		{2E227644-E9CE-4135-8099-016A6781001C}.Release|x64.ActiveCfg = Release|Any CPU
		{2E227644-E9CE-4135-8099-016A6781001C}.Release|x64.Build.0 = Release|Any CPU
		{2E227644-E9CE-4135-8099-016A6781001C}.Release|x86.ActiveCfg = Release|Any CPU
		{2E227644-E9CE-4135-8099-016A6781001C}.Release|x86.Build.0 = Release|Any CPU
		{3BF1C163-9873-4F7D-942B-025B17866397}.Debug|Any CPU.ActiveCfg = Debug|Any CPU
		{3BF1C163-9873-4F7D-942B-025B17866397}.Debug|Any CPU.Build.0 = Debug|Any CPU
		{3BF1C163-9873-4F7D-942B-025B17866397}.Debug|x64.ActiveCfg = Debug|Any CPU
		{3BF1C163-9873-4F7D-942B-025B17866397}.Debug|x64.Build.0 = Debug|Any CPU
		{3BF1C163-9873-4F7D-942B-025B17866397}.Debug|x86.ActiveCfg = Debug|Any CPU
		{3BF1C163-9873-4F7D-942B-025B17866397}.Debug|x86.Build.0 = Debug|Any CPU
		{3BF1C163-9873-4F7D-942B-025B17866397}.Release|Any CPU.ActiveCfg = Release|Any CPU
		{3BF1C163-9873-4F7D-942B-025B17866397}.Release|Any CPU.Build.0 = Release|Any CPU
		{3BF1C163-9873-4F7D-942B-025B17866397}.Release|x64.ActiveCfg = Release|Any CPU
		{3BF1C163-9873-4F7D-942B-025B17866397}.Release|x64.Build.0 = Release|Any CPU
		{3BF1C163-9873-4F7D-942B-025B17866397}.Release|x86.ActiveCfg = Release|Any CPU
		{3BF1C163-9873-4F7D-942B-025B17866397}.Release|x86.Build.0 = Release|Any CPU
		{337680BB-64DB-4180-AEBF-4556C97F8ED1}.Debug|Any CPU.ActiveCfg = Debug|Any CPU
		{337680BB-64DB-4180-AEBF-4556C97F8ED1}.Debug|Any CPU.Build.0 = Debug|Any CPU
		{337680BB-64DB-4180-AEBF-4556C97F8ED1}.Debug|x64.ActiveCfg = Debug|Any CPU
		{337680BB-64DB-4180-AEBF-4556C97F8ED1}.Debug|x64.Build.0 = Debug|Any CPU
		{337680BB-64DB-4180-AEBF-4556C97F8ED1}.Debug|x86.ActiveCfg = Debug|Any CPU
		{337680BB-64DB-4180-AEBF-4556C97F8ED1}.Debug|x86.Build.0 = Debug|Any CPU
		{337680BB-64DB-4180-AEBF-4556C97F8ED1}.Release|Any CPU.ActiveCfg = Release|Any CPU
		{337680BB-64DB-4180-AEBF-4556C97F8ED1}.Release|Any CPU.Build.0 = Release|Any CPU
		{337680BB-64DB-4180-AEBF-4556C97F8ED1}.Release|x64.ActiveCfg = Release|Any CPU
		{337680BB-64DB-4180-AEBF-4556C97F8ED1}.Release|x64.Build.0 = Release|Any CPU
		{337680BB-64DB-4180-AEBF-4556C97F8ED1}.Release|x86.ActiveCfg = Release|Any CPU
		{337680BB-64DB-4180-AEBF-4556C97F8ED1}.Release|x86.Build.0 = Release|Any CPU
	EndGlobalSection
	GlobalSection(SolutionProperties) = preSolution
		HideSolutionNode = FALSE
	EndGlobalSection
	GlobalSection(ExtensibilityGlobals) = postSolution
		SolutionGuid = {326E503D-A414-4F2C-B2B2-621FBBD89352}
	EndGlobalSection
EndGlobal